
Microsoft Visual Studio Solution File, Format Version 12.00
# Visual Studio Version 17
VisualStudioVersion = 17.2.32630.192
MinimumVisualStudioVersion = 10.0.40219.1
Project("{FAE04EC0-301F-11D3-BF4B-00C04F79EFBC}") = "RatinFX.VP", "RatinFX.VP\RatinFX.VP.csproj", "{F94808CA-6D5A-41A4-AB96-7169DF4023D3}"
EndProject
Global
	GlobalSection(SolutionConfigurationPlatforms) = preSolution
		Debug|Any CPU = Debug|Any CPU
		Release|Any CPU = Release|Any CPU
	EndGlobalSection
	GlobalSection(ProjectConfigurationPlatforms) = postSolution
		{F94808CA-6D5A-41A4-AB96-7169DF4023D3}.Debug|Any CPU.ActiveCfg = Debug|Any CPU
		{F94808CA-6D5A-41A4-AB96-7169DF4023D3}.Debug|Any CPU.Build.0 = Debug|Any CPU
		{F94808CA-6D5A-41A4-AB96-7169DF4023D3}.Release|Any CPU.ActiveCfg = Release|Any CPU
		{F94808CA-6D5A-41A4-AB96-7169DF4023D3}.Release|Any CPU.Build.0 = Release|Any CPU
	EndGlobalSection
	GlobalSection(SolutionProperties) = preSolution
		HideSolutionNode = FALSE
	EndGlobalSection
	GlobalSection(ExtensibilityGlobals) = postSolution
		SolutionGuid = {4D072568-5D4F-4FF1-B96C-2359E64F5BCC}
	EndGlobalSection
EndGlobal
